{
    "_readme": [
        "This file locks the dependencies of your project to a known state",
        "Read more about it at https://getcomposer.org/doc/01-basic-usage.md#composer-lock-the-lock-file",
        "This file is @generated automatically"
    ],
    "content-hash": "5ac7e04c070b3882dd5387a61aecb889",
    "packages": [
        {
            "name": "eloquent/phony",
            "version": "dev-php72",
            "source": {
                "type": "git",
                "url": "https://github.com/eloquent/phony.git",
                "reference": "9e67af099b5664a8ac68ce8ff1a9affefd9b2104"
            },
            "dist": {
                "type": "zip",
                "url": "https://api.github.com/repos/eloquent/phony/zipball/9e67af099b5664a8ac68ce8ff1a9affefd9b2104",
                "reference": "9e67af099b5664a8ac68ce8ff1a9affefd9b2104",
                "shasum": ""
            },
            "require": {
                "php": ">=7"
            },
            "require-dev": {
                "errors/exceptions": "^0.2",
                "ext-pdo": "*",
                "hamcrest/hamcrest-php": "^2",
                "icecave/semver": "^3",
                "phpunit/phpunit": "^6"
            },
            "type": "library",
            "autoload": {
                "psr-4": {
                    "Eloquent\\Phony\\": "src"
                },
                "files": [
                    "src/functions.php"
                ]
            },
            "notification-url": "https://packagist.org/downloads/",
            "license": [
                "MIT"
            ],
            "authors": [
                {
                    "name": "Erin Millard",
                    "email": "ezzatron@gmail.com",
                    "homepage": "http://ezzatron.com/"
                }
            ],
            "description": "Mocks, stubs, and spies for PHP.",
            "homepage": "http://eloquent-software.com/phony/",
            "keywords": [
                "Double",
                "Dummy",
                "fake",
                "mock",
                "mocking",
                "spy",
                "stub",
                "stubbing",
                "test"
            ],
            "time": "2017-09-19T00:41:46+00:00"
        },
        {
            "name": "kahlan/kahlan",
            "version": "4.0.x-dev",
            "source": {
                "type": "git",
                "url": "https://github.com/kahlan/kahlan.git",
                "reference": "6d27486a70c02f2c1e9428bddf8233fe4d41843e"
            },
            "dist": {
                "type": "zip",
                "url": "https://api.github.com/repos/kahlan/kahlan/zipball/6d27486a70c02f2c1e9428bddf8233fe4d41843e",
                "reference": "6d27486a70c02f2c1e9428bddf8233fe4d41843e",
                "shasum": ""
            },
            "require": {
                "php": ">=5.5"
            },
            "require-dev": {
                "squizlabs/php_codesniffer": "^2.7"
            },
            "bin": [
                "bin/kahlan"
            ],
            "type": "library",
            "autoload": {
                "psr-4": {
                    "Kahlan\\": "src/"
                },
                "files": [
                    "src/functions.php"
                ]
            },
            "notification-url": "https://packagist.org/downloads/",
            "license": [
                "MIT"
            ],
            "authors": [
                {
                    "name": "CrysaLEAD"
                }
            ],
            "description": "The PHP Test Framework for Freedom, Truth and Justice.",
            "keywords": [
                "BDD",
                "Behavior-Driven Development",
                "Monkey Patching",
                "TDD",
                "mock",
                "stub",
                "testing",
                "unit test"
            ],
            "time": "2017-08-13T00:46:32+00:00"
        }
    ],
    "packages-dev": [
        {
            "name": "errors/exceptions",
            "version": "0.2.0",
            "source": {
                "type": "git",
                "url": "https://github.com/php-errors/exceptions.git",
                "reference": "8115762ac206196d355f644de4b4623fa81d27f2"
            },
            "dist": {
                "type": "zip",
                "url": "https://api.github.com/repos/php-errors/exceptions/zipball/8115762ac206196d355f644de4b4623fa81d27f2",
                "reference": "8115762ac206196d355f644de4b4623fa81d27f2",
                "shasum": ""
            },
            "conflict": {
                "errors/native": "*"
            },
            "require-dev": {
                "errors/specification": "^0.1"
            },
            "type": "library",
            "autoload": {
                "files": [
                    "src/handler.php"
                ]
            },
            "notification-url": "https://packagist.org/downloads/",
            "license": [
                "MIT"
            ],
            "authors": [
                {
                    "name": "Erin Millard",
                    "email": "ezzatron@gmail.com",
                    "homepage": "http://ezzatron.com/"
                }
            ],
            "description": "An error handler that produces error exceptions when a native error occurs.",
            "homepage": "https://github.com/php-errors/exceptions",
            "keywords": [
                "error",
                "errorexception",
                "errors",
                "exception",
                "handler"
            ],
            "time": "2017-07-03T23:04:46+00:00"
        }
    ],
    "aliases": [],
    "minimum-stability": "stable",
    "stability-flags": {
        "eloquent/phony": 20,
        "kahlan/kahlan": 20
    },
    "prefer-stable": false,
    "prefer-lowest": false,
    "platform": {
        "php": ">=7"
    },
    "platform-dev": [],
    "platform-overrides": {
        "php": "7.0.99999"
    }
}
