{
    "_readme": [
        "This file locks the dependencies of your project to a known state",
        "Read more about it at https://getcomposer.org/doc/01-basic-usage.md#composer-lock-the-lock-file",
        "This file is @generated automatically"
    ],
    "content-hash": "9d79fb5056bdefe2dfc9cba99555e300",
    "packages": [
        {
            "name": "eloquent/phony",
            "version": "1.0.1",
            "source": {
                "type": "git",
                "url": "https://github.com/eloquent/phony.git",
                "reference": "bff87a1c7c302a05d29b0aa2149bed8fc9f7627b"
            },
            "dist": {
                "type": "zip",
                "url": "https://api.github.com/repos/eloquent/phony/zipball/bff87a1c7c302a05d29b0aa2149bed8fc9f7627b",
                "reference": "bff87a1c7c302a05d29b0aa2149bed8fc9f7627b",
                "shasum": ""
            },
            "require": {
                "php": ">=5.3"
            },
            "require-dev": {
                "errors/exceptions": "^0.2",
                "ext-pdo": "*",
                "hamcrest/hamcrest-php": "^2",
                "icecave/semver": "^3",
                "phpunit/phpunit": "^4"
            },
            "type": "library",
            "autoload": {
                "psr-4": {
                    "Eloquent\\Phony\\": "src"
                },
                "files": [
                    "src/functions.php"
                ]
            },
            "notification-url": "https://packagist.org/downloads/",
            "license": [
                "MIT"
            ],
            "authors": [
                {
                    "name": "Erin Millard",
                    "email": "ezzatron@gmail.com",
                    "homepage": "http://ezzatron.com/"
                }
            ],
            "description": "Mocks, stubs, and spies for PHP.",
            "homepage": "http://eloquent-software.com/phony/",
            "keywords": [
                "Double",
                "Dummy",
                "fake",
                "mock",
                "mocking",
                "spy",
                "stub",
                "stubbing",
                "test"
            ],
            "time": "2017-07-04T01:10:30+00:00"
        },
        {
            "name": "kahlan/kahlan",
            "version": "dev-phony",
            "source": {
                "type": "git",
                "url": "https://github.com/ezzatron/kahlan.git",
                "reference": "f0195816aa783cc2a4fcf35eeb916fcfbce72eac"
            },
            "dist": {
                "type": "zip",
                "url": "https://api.github.com/repos/ezzatron/kahlan/zipball/f0195816aa783cc2a4fcf35eeb916fcfbce72eac",
                "reference": "f0195816aa783cc2a4fcf35eeb916fcfbce72eac",
                "shasum": ""
            },
            "require": {
                "php": ">=5.4"
            },
            "require-dev": {
                "squizlabs/php_codesniffer": "^2.7"
            },
            "bin": [
                "bin/kahlan"
            ],
            "type": "library",
            "autoload": {
                "psr-4": {
                    "Kahlan\\": "src/"
                },
                "files": [
                    "src/functions.php"
                ]
            },
            "autoload-dev": {
                "psr-4": {
                    "Kahlan\\Spec\\": "spec/"
                }
            },
            "scripts": {
                "post-update-cmd": [
                    "Kahlan\\Cli\\Kahlan::composerPostUpdate"
                ]
            },
            "license": [
                "MIT"
            ],
            "authors": [
                {
                    "name": "CrysaLEAD"
                }
            ],
            "description": "The PHP Test Framework for Freedom, Truth and Justice.",
            "keywords": [
                "BDD",
                "Behavior-Driven Development",
                "Mock",
                "Monkey Patching",
                "Stub",
                "TDD",
                "Testing",
                "Unit Test"
            ],
            "support": {
                "source": "https://github.com/ezzatron/kahlan/tree/phony"
            },
            "time": "2017-07-10 23:01:39"
        }
    ],
    "packages-dev": [
        {
            "name": "errors/exceptions",
            "version": "0.1.1",
            "source": {
                "type": "git",
                "url": "https://github.com/php-errors/exceptions.git",
                "reference": "3e487e8b7b8723afa8d3985534d12b5273b71d97"
            },
            "dist": {
                "type": "zip",
                "url": "https://api.github.com/repos/php-errors/exceptions/zipball/3e487e8b7b8723afa8d3985534d12b5273b71d97",
                "reference": "3e487e8b7b8723afa8d3985534d12b5273b71d97",
                "shasum": ""
            },
            "conflict": {
                "errors/native": "*"
            },
            "require-dev": {
                "errors/specification": "^0.1"
            },
            "type": "library",
            "autoload": {
                "files": [
                    "src/handler.php"
                ]
            },
            "notification-url": "https://packagist.org/downloads/",
            "license": [
                "MIT"
            ],
            "authors": [
                {
                    "name": "Erin Millard",
                    "email": "ezzatron@gmail.com",
                    "homepage": "http://ezzatron.com/"
                }
            ],
            "description": "An error handler that produces error exceptions when a native error occurs.",
            "homepage": "https://github.com/php-errors/exceptions",
            "keywords": [
                "error",
                "errorexception",
                "errors",
                "exception",
                "handler"
            ],
            "time": "2016-12-12T23:18:54+00:00"
        }
    ],
    "aliases": [],
    "minimum-stability": "stable",
    "stability-flags": {
        "kahlan/kahlan": 20
    },
    "prefer-stable": false,
    "prefer-lowest": false,
    "platform": {
        "php": ">=7"
    },
    "platform-dev": [],
    "platform-overrides": {
        "php": "7.0.99999"
    }
}
